
Microsoft Visual Studio Solution File, Format Version 12.00
# Visual Studio Version 17
VisualStudioVersion = 17.9.34723.18
MinimumVisualStudioVersion = 10.0.40219.1
Project("{9A19103F-16F7-4668-BE54-9A1E7A4F7556}") = "EasyWD.API", "EasyWD\EasyWD.API.csproj", "{60E47554-E97A-4408-BC65-47A7BD880CA1}"
EndProject
Project("{2150E333-8FDC-42A3-9474-1A3956D46DE8}") = "package", "package", "{392EFE31-AFA7-41DD-A0B9-31C1393B238E}"
EndProject
Project("{9A19103F-16F7-4668-BE54-9A1E7A4F7556}") = "EasyWD", "package\EasyWD\EasyWD.csproj", "{5C3AA6D8-ECB0-4D50-AF8A-3F36B17B0B7D}"
EndProject
Project("{FAE04EC0-301F-11D3-BF4B-00C04F79EFBC}") = "Store", "package\Store\Store.csproj", "{D8FAFAD7-11B0-4F9A-AD98-387BF1401370}"
EndProject
Global
	GlobalSection(SolutionConfigurationPlatforms) = preSolution
		Debug|Any CPU = Debug|Any CPU
		Release|Any CPU = Release|Any CPU
	EndGlobalSection
	GlobalSection(ProjectConfigurationPlatforms) = postSolution
		{60E47554-E97A-4408-BC65-47A7BD880CA1}.Debug|Any CPU.ActiveCfg = Debug|Any CPU
		{60E47554-E97A-4408-BC65-47A7BD880CA1}.Debug|Any CPU.Build.0 = Debug|Any CPU
		{60E47554-E97A-4408-BC65-47A7BD880CA1}.Release|Any CPU.ActiveCfg = Release|Any CPU
		{60E47554-E97A-4408-BC65-47A7BD880CA1}.Release|Any CPU.Build.0 = Release|Any CPU
		{5C3AA6D8-ECB0-4D50-AF8A-3F36B17B0B7D}.Debug|Any CPU.ActiveCfg = Debug|Any CPU
		{5C3AA6D8-ECB0-4D50-AF8A-3F36B17B0B7D}.Debug|Any CPU.Build.0 = Debug|Any CPU
		{5C3AA6D8-ECB0-4D50-AF8A-3F36B17B0B7D}.Release|Any CPU.ActiveCfg = Release|Any CPU
		{5C3AA6D8-ECB0-4D50-AF8A-3F36B17B0B7D}.Release|Any CPU.Build.0 = Release|Any CPU
		{D8FAFAD7-11B0-4F9A-AD98-387BF1401370}.Debug|Any CPU.ActiveCfg = Debug|Any CPU
		{D8FAFAD7-11B0-4F9A-AD98-387BF1401370}.Debug|Any CPU.Build.0 = Debug|Any CPU
		{D8FAFAD7-11B0-4F9A-AD98-387BF1401370}.Release|Any CPU.ActiveCfg = Release|Any CPU
		{D8FAFAD7-11B0-4F9A-AD98-387BF1401370}.Release|Any CPU.Build.0 = Release|Any CPU
	EndGlobalSection
	GlobalSection(SolutionProperties) = preSolution
		HideSolutionNode = FALSE
	EndGlobalSection
	GlobalSection(NestedProjects) = preSolution
		{5C3AA6D8-ECB0-4D50-AF8A-3F36B17B0B7D} = {392EFE31-AFA7-41DD-A0B9-31C1393B238E}
		{D8FAFAD7-11B0-4F9A-AD98-387BF1401370} = {392EFE31-AFA7-41DD-A0B9-31C1393B238E}
	EndGlobalSection
	GlobalSection(ExtensibilityGlobals) = postSolution
		SolutionGuid = {C0B6A167-B85F-479A-A6D5-89B1243D0C79}
	EndGlobalSection
EndGlobal
